
Microsoft Visual Studio Solution File, Format Version 12.00
# Visual Studio Version 17
VisualStudioVersion = 17.14.36518.9 d17.14
MinimumVisualStudioVersion = 10.0.40219.1
Project("{FAE04EC0-301F-11D3-BF4B-00C04F79EFBC}") = "Market.API", "Market.API\Market.API.csproj", "{D1F8EDA9-8DE6-4273-AE6F-050AD5E1205F}"
EndProject
Project("{FAE04EC0-301F-11D3-BF4B-00C04F79EFBC}") = "Market.Shared", "Market.Shared\Market.Shared.csproj", "{EA95173B-0EE1-430D-8597-3DCB7E44AB63}"
EndProject
Project("{FAE04EC0-301F-11D3-BF4B-00C04F79EFBC}") = "Market.Infrastructure", "Market.Infrastructure\Market.Infrastructure.csproj", "{1D66E507-3657-40DB-BF88-D246F14ACA25}"
EndProject
Project("{FAE04EC0-301F-11D3-BF4B-00C04F79EFBC}") = "Market.Domain", "Market.Domain\Market.Domain.csproj", "{38B39B3A-A209-4CBA-A139-76C6E4057A69}"
EndProject
Project("{FAE04EC0-301F-11D3-BF4B-00C04F79EFBC}") = "Market.Application", "Market.Application\Market.Application.csproj", "{EADBF014-BCDB-4D43-9E49-02DB418F4834}"
EndProject
Project("{FAE04EC0-301F-11D3-BF4B-00C04F79EFBC}") = "Market.Tests", "Market.Tests\Market.Tests.csproj", "{C6818B64-0B3F-4F4D-8747-14AA594E8502}"
EndProject
Global
	GlobalSection(SolutionConfigurationPlatforms) = preSolution
		Debug|Any CPU = Debug|Any CPU
		Release|Any CPU = Release|Any CPU
	EndGlobalSection
	GlobalSection(ProjectConfigurationPlatforms) = postSolution
		{D1F8EDA9-8DE6-4273-AE6F-050AD5E1205F}.Debug|Any CPU.ActiveCfg = Debug|Any CPU
		{D1F8EDA9-8DE6-4273-AE6F-050AD5E1205F}.Debug|Any CPU.Build.0 = Debug|Any CPU
		{D1F8EDA9-8DE6-4273-AE6F-050AD5E1205F}.Release|Any CPU.ActiveCfg = Release|Any CPU
		{D1F8EDA9-8DE6-4273-AE6F-050AD5E1205F}.Release|Any CPU.Build.0 = Release|Any CPU
		{EA95173B-0EE1-430D-8597-3DCB7E44AB63}.Debug|Any CPU.ActiveCfg = Debug|Any CPU
		{EA95173B-0EE1-430D-8597-3DCB7E44AB63}.Debug|Any CPU.Build.0 = Debug|Any CPU
		{EA95173B-0EE1-430D-8597-3DCB7E44AB63}.Release|Any CPU.ActiveCfg = Release|Any CPU
		{EA95173B-0EE1-430D-8597-3DCB7E44AB63}.Release|Any CPU.Build.0 = Release|Any CPU
		{1D66E507-3657-40DB-BF88-D246F14ACA25}.Debug|Any CPU.ActiveCfg = Debug|Any CPU
		{1D66E507-3657-40DB-BF88-D246F14ACA25}.Debug|Any CPU.Build.0 = Debug|Any CPU
		{1D66E507-3657-40DB-BF88-D246F14ACA25}.Release|Any CPU.ActiveCfg = Release|Any CPU
		{1D66E507-3657-40DB-BF88-D246F14ACA25}.Release|Any CPU.Build.0 = Release|Any CPU
		{38B39B3A-A209-4CBA-A139-76C6E4057A69}.Debug|Any CPU.ActiveCfg = Debug|Any CPU
		{38B39B3A-A209-4CBA-A139-76C6E4057A69}.Debug|Any CPU.Build.0 = Debug|Any CPU
		{38B39B3A-A209-4CBA-A139-76C6E4057A69}.Release|Any CPU.ActiveCfg = Release|Any CPU
		{38B39B3A-A209-4CBA-A139-76C6E4057A69}.Release|Any CPU.Build.0 = Release|Any CPU
		{EADBF014-BCDB-4D43-9E49-02DB418F4834}.Debug|Any CPU.ActiveCfg = Debug|Any CPU
		{EADBF014-BCDB-4D43-9E49-02DB418F4834}.Debug|Any CPU.Build.0 = Debug|Any CPU
		{EADBF014-BCDB-4D43-9E49-02DB418F4834}.Release|Any CPU.ActiveCfg = Release|Any CPU
		{EADBF014-BCDB-4D43-9E49-02DB418F4834}.Release|Any CPU.Build.0 = Release|Any CPU
		{C6818B64-0B3F-4F4D-8747-14AA594E8502}.Debug|Any CPU.ActiveCfg = Debug|Any CPU
		{C6818B64-0B3F-4F4D-8747-14AA594E8502}.Debug|Any CPU.Build.0 = Debug|Any CPU
		{C6818B64-0B3F-4F4D-8747-14AA594E8502}.Release|Any CPU.ActiveCfg = Release|Any CPU
		{C6818B64-0B3F-4F4D-8747-14AA594E8502}.Release|Any CPU.Build.0 = Release|Any CPU
	EndGlobalSection
	GlobalSection(SolutionProperties) = preSolution
		HideSolutionNode = FALSE
	EndGlobalSection
	GlobalSection(ExtensibilityGlobals) = postSolution
		SolutionGuid = {084F5FAB-E649-425C-B350-C5A0264C050F}
	EndGlobalSection
EndGlobal
